
Microsoft Visual Studio Solution File, Format Version 12.00
# Visual Studio Version 17
VisualStudioVersion = 17.9.34723.18
MinimumVisualStudioVersion = 10.0.40219.1
Project("{FAE04EC0-301F-11D3-BF4B-00C04F79EFBC}") = "CalculadoraImc", "CalculadoraImc\CalculadoraImc.csproj", "{FEFFFF90-8BE9-4C5A-B34D-DF681963046A}"
EndProject
Global
	GlobalSection(SolutionConfigurationPlatforms) = preSolution
		Debug|Any CPU = Debug|Any CPU
		Release|Any CPU = Release|Any CPU
	EndGlobalSection
	GlobalSection(ProjectConfigurationPlatforms) = postSolution
		{FEFFFF90-8BE9-4C5A-B34D-DF681963046A}.Debug|Any CPU.ActiveCfg = Debug|Any CPU
		{FEFFFF90-8BE9-4C5A-B34D-DF681963046A}.Debug|Any CPU.Build.0 = Debug|Any CPU
		{FEFFFF90-8BE9-4C5A-B34D-DF681963046A}.Release|Any CPU.ActiveCfg = Release|Any CPU
		{FEFFFF90-8BE9-4C5A-B34D-DF681963046A}.Release|Any CPU.Build.0 = Release|Any CPU
	EndGlobalSection
	GlobalSection(SolutionProperties) = preSolution
		HideSolutionNode = FALSE
	EndGlobalSection
	GlobalSection(ExtensibilityGlobals) = postSolution
		SolutionGuid = {1029FDC2-8EED-40AF-A1B0-1B0F059C918D}
	EndGlobalSection
EndGlobal
